
Microsoft Visual Studio Solution File, Format Version 12.00
# Visual Studio Version 17
VisualStudioVersion = 17.10.35013.160
MinimumVisualStudioVersion = 10.0.40219.1
Project("{FAE04EC0-301F-11D3-BF4B-00C04F79EFBC}") = "Calculadora 2", "..\Calculadora 2\Calculadora 2.csproj", "{D498F570-7246-4A70-8277-484898A63B2F}"
EndProject
Global
	GlobalSection(SolutionConfigurationPlatforms) = preSolution
		Debug|Any CPU = Debug|Any CPU
		Release|Any CPU = Release|Any CPU
	EndGlobalSection
	GlobalSection(ProjectConfigurationPlatforms) = postSolution
		{D498F570-7246-4A70-8277-484898A63B2F}.Debug|Any CPU.ActiveCfg = Debug|Any CPU
		{D498F570-7246-4A70-8277-484898A63B2F}.Debug|Any CPU.Build.0 = Debug|Any CPU
		{D498F570-7246-4A70-8277-484898A63B2F}.Release|Any CPU.ActiveCfg = Release|Any CPU
		{D498F570-7246-4A70-8277-484898A63B2F}.Release|Any CPU.Build.0 = Release|Any CPU
	EndGlobalSection
	GlobalSection(SolutionProperties) = preSolution
		HideSolutionNode = FALSE
	EndGlobalSection
	GlobalSection(ExtensibilityGlobals) = postSolution
		SolutionGuid = {6D897602-58E9-4C91-80BE-C616502E83F8}
	EndGlobalSection
EndGlobal
